// !$*UTF8*$!
{
	archiveVersion = 1;
	classes = {
	};
	objectVersion = 55;
	objects = {

/* Begin PBXBuildFile section */
		DA52B432284E4A9500260DC9 /* AppDelegate.swift in Sources */ = {isa = PBXBuildFile; fileRef = DA52B431284E4A9500260DC9 /* AppDelegate.swift */; };
		DA52B434284E4A9500260DC9 /* SceneDelegate.swift in Sources */ = {isa = PBXBuildFile; fileRef = DA52B433284E4A9500260DC9 /* SceneDelegate.swift */; };
		DA52B436284E4A9500260DC9 /* ViewController.swift in Sources */ = {isa = PBXBuildFile; fileRef = DA52B435284E4A9500260DC9 /* ViewController.swift */; };
		DA52B439284E4A9500260DC9 /* Main.storyboard in Resources */ = {isa = PBXBuildFile; fileRef = DA52B437284E4A9500260DC9 /* Main.storyboard */; };
		DA52B43C284E4A9500260DC9 /* hw12_pomodoro.xcdatamodeld in Sources */ = {isa = PBXBuildFile; fileRef = DA52B43A284E4A9500260DC9 /* hw12_pomodoro.xcdatamodeld */; };
		DA52B43E284E4A9900260DC9 /* Assets.xcassets in Resources */ = {isa = PBXBuildFile; fileRef = DA52B43D284E4A9900260DC9 /* Assets.xcassets */; };
		DA52B441284E4A9900260DC9 /* LaunchScreen.storyboard in Resources */ = {isa = PBXBuildFile; fileRef = DA52B43F284E4A9900260DC9 /* LaunchScreen.storyboard */; };
		DA52B44C284E4A9900260DC9 /* hw12_pomodoroTests.swift in Sources */ = {isa = PBXBuildFile; fileRef = DA52B44B284E4A9900260DC9 /* hw12_pomodoroTests.swift */; };
		DA52B456284E4A9900260DC9 /* hw12_pomodoroUITests.swift in Sources */ = {isa = PBXBuildFile; fileRef = DA52B455284E4A9900260DC9 /* hw12_pomodoroUITests.swift */; };
		DA52B458284E4A9900260DC9 /* hw12_pomodoroUITestsLaunchTests.swift in Sources */ = {isa = PBXBuildFile; fileRef = DA52B457284E4A9900260DC9 /* hw12_pomodoroUITestsLaunchTests.swift */; };
/* End PBXBuildFile section */

/* Begin PBXContainerItemProxy section */
		DA52B448284E4A9900260DC9 /* PBXContainerItemProxy */ = {
			isa = PBXContainerItemProxy;
			containerPortal = DA52B426284E4A9500260DC9 /* Project object */;
			proxyType = 1;
			remoteGlobalIDString = DA52B42D284E4A9500260DC9;
			remoteInfo = "hw12-pomodoro";
		};
		DA52B452284E4A9900260DC9 /* PBXContainerItemProxy */ = {
			isa = PBXContainerItemProxy;
			containerPortal = DA52B426284E4A9500260DC9 /* Project object */;
			proxyType = 1;
			remoteGlobalIDString = DA52B42D284E4A9500260DC9;
			remoteInfo = "hw12-pomodoro";
		};
/* End PBXContainerItemProxy section */

/* Begin PBXFileReference section */
		DA52B42E284E4A9500260DC9 /* hw12-pomodoro.app */ = {isa = PBXFileReference; explicitFileType = wrapper.application; includeInIndex = 0; path = "hw12-pomodoro.app"; sourceTree = BUILT_PRODUCTS_DIR; };
		DA52B431284E4A9500260DC9 /* AppDelegate.swift */ = {isa = PBXFileReference; lastKnownFileType = sourcecode.swift; path = AppDelegate.swift; sourceTree = "<group>"; };
		DA52B433284E4A9500260DC9 /* SceneDelegate.swift */ = {isa = PBXFileReference; lastKnownFileType = sourcecode.swift; path = SceneDelegate.swift; sourceTree = "<group>"; };
		DA52B435284E4A9500260DC9 /* ViewController.swift */ = {isa = PBXFileReference; lastKnownFileType = sourcecode.swift; path = ViewController.swift; sourceTree = "<group>"; };
		DA52B438284E4A9500260DC9 /* Base */ = {isa = PBXFileReference; lastKnownFileType = file.storyboard; name = Base; path = Base.lproj/Main.storyboard; sourceTree = "<group>"; };
		DA52B43B284E4A9500260DC9 /* hw12_pomodoro.xcdatamodel */ = {isa = PBXFileReference; lastKnownFileType = wrapper.xcdatamodel; path = hw12_pomodoro.xcdatamodel; sourceTree = "<group>"; };
		DA52B43D284E4A9900260DC9 /* Assets.xcassets */ = {isa = PBXFileReference; lastKnownFileType = folder.assetcatalog; path = Assets.xcassets; sourceTree = "<group>"; };
		DA52B440284E4A9900260DC9 /* Base */ = {isa = PBXFileReference; lastKnownFileType = file.storyboard; name = Base; path = Base.lproj/LaunchScreen.storyboard; sourceTree = "<group>"; };
		DA52B442284E4A9900260DC9 /* Info.plist */ = {isa = PBXFileReference; lastKnownFileType = text.plist.xml; path = Info.plist; sourceTree = "<group>"; };
		DA52B447284E4A9900260DC9 /* hw12-pomodoroTests.xctest */ = {isa = PBXFileReference; explicitFileType = wrapper.cfbundle; includeInIndex = 0; path = "hw12-pomodoroTests.xctest"; sourceTree = BUILT_PRODUCTS_DIR; };
		DA52B44B284E4A9900260DC9 /* hw12_pomodoroTests.swift */ = {isa = PBXFileReference; lastKnownFileType = sourcecode.swift; path = hw12_pomodoroTests.swift; sourceTree = "<group>"; };
		DA52B451284E4A9900260DC9 /* hw12-pomodoroUITests.xctest */ = {isa = PBXFileReference; explicitFileType = wrapper.cfbundle; includeInIndex = 0; path = "hw12-pomodoroUITests.xctest"; sourceTree = BUILT_PRODUCTS_DIR; };
		DA52B455284E4A9900260DC9 /* hw12_pomodoroUITests.swift */ = {isa = PBXFileReference; lastKnownFileType = sourcecode.swift; path = hw12_pomodoroUITests.swift; sourceTree = "<group>"; };
		DA52B457284E4A9900260DC9 /* hw12_pomodoroUITestsLaunchTests.swift */ = {isa = PBXFileReference; lastKnownFileType = sourcecode.swift; path = hw12_pomodoroUITestsLaunchTests.swift; sourceTree = "<group>"; };
/* End PBXFileReference section */

/* Begin PBXFrameworksBuildPhase section */
		DA52B42B284E4A9500260DC9 /* Frameworks */ = {
			isa = PBXFrameworksBuildPhase;
			buildActionMask = 2147483647;
			files = (
			);
			runOnlyForDeploymentPostprocessing = 0;
		};
		DA52B444284E4A9900260DC9 /* Frameworks */ = {
			isa = PBXFrameworksBuildPhase;
			buildActionMask = 2147483647;
			files = (
			);
			runOnlyForDeploymentPostprocessing = 0;
		};
		DA52B44E284E4A9900260DC9 /* Frameworks */ = {
			isa = PBXFrameworksBuildPhase;
			buildActionMask = 2147483647;
			files = (
			);
			runOnlyForDeploymentPostprocessing = 0;
		};
/* End PBXFrameworksBuildPhase section */

/* Begin PBXGroup section */
		DA52B425284E4A9500260DC9 = {
			isa = PBXGroup;
			children = (
				DA52B430284E4A9500260DC9 /* hw12-pomodoro */,
				DA52B44A284E4A9900260DC9 /* hw12-pomodoroTests */,
				DA52B454284E4A9900260DC9 /* hw12-pomodoroUITests */,
				DA52B42F284E4A9500260DC9 /* Products */,
			);
			sourceTree = "<group>";
		};
		DA52B42F284E4A9500260DC9 /* Products */ = {
			isa = PBXGroup;
			children = (
				DA52B42E284E4A9500260DC9 /* hw12-pomodoro.app */,
				DA52B447284E4A9900260DC9 /* hw12-pomodoroTests.xctest */,
				DA52B451284E4A9900260DC9 /* hw12-pomodoroUITests.xctest */,
			);
			name = Products;
			sourceTree = "<group>";
		};
		DA52B430284E4A9500260DC9 /* hw12-pomodoro */ = {
			isa = PBXGroup;
			children = (
				DA52B431284E4A9500260DC9 /* AppDelegate.swift */,
				DA52B433284E4A9500260DC9 /* SceneDelegate.swift */,
				DA52B435284E4A9500260DC9 /* ViewController.swift */,
				DA52B437284E4A9500260DC9 /* Main.storyboard */,
				DA52B43D284E4A9900260DC9 /* Assets.xcassets */,
				DA52B43F284E4A9900260DC9 /* LaunchScreen.storyboard */,
				DA52B442284E4A9900260DC9 /* Info.plist */,
				DA52B43A284E4A9500260DC9 /* hw12_pomodoro.xcdatamodeld */,
			);
			path = "hw12-pomodoro";
			sourceTree = "<group>";
		};
		DA52B44A284E4A9900260DC9 /* hw12-pomodoroTests */ = {
			isa = PBXGroup;
			children = (
				DA52B44B284E4A9900260DC9 /* hw12_pomodoroTests.swift */,
			);
			path = "hw12-pomodoroTests";
			sourceTree = "<group>";
		};
		DA52B454284E4A9900260DC9 /* hw12-pomodoroUITests */ = {
			isa = PBXGroup;
			children = (
				DA52B455284E4A9900260DC9 /* hw12_pomodoroUITests.swift */,
				DA52B457284E4A9900260DC9 /* hw12_pomodoroUITestsLaunchTests.swift */,
			);
			path = "hw12-pomodoroUITests";
			sourceTree = "<group>";
		};
/* End PBXGroup section */

/* Begin PBXNativeTarget section */
		DA52B42D284E4A9500260DC9 /* hw12-pomodoro */ = {
			isa = PBXNativeTarget;
			buildConfigurationList = DA52B45B284E4A9900260DC9 /* Build configuration list for PBXNativeTarget "hw12-pomodoro" */;
			buildPhases = (
				DA52B42A284E4A9500260DC9 /* Sources */,
				DA52B42B284E4A9500260DC9 /* Frameworks */,
				DA52B42C284E4A9500260DC9 /* Resources */,
			);
			buildRules = (
			);
			dependencies = (
			);
			name = "hw12-pomodoro";
			productName = "hw12-pomodoro";
			productReference = DA52B42E284E4A9500260DC9 /* hw12-pomodoro.app */;
			productType = "com.apple.product-type.application";
		};
		DA52B446284E4A9900260DC9 /* hw12-pomodoroTests */ = {
			isa = PBXNativeTarget;
			buildConfigurationList = DA52B45E284E4A9900260DC9 /* Build configuration list for PBXNativeTarget "hw12-pomodoroTests" */;
			buildPhases = (
				DA52B443284E4A9900260DC9 /* Sources */,
				DA52B444284E4A9900260DC9 /* Frameworks */,
				DA52B445284E4A9900260DC9 /* Resources */,
			);
			buildRules = (
			);
			dependencies = (
				DA52B449284E4A9900260DC9 /* PBXTargetDependency */,
			);
			name = "hw12-pomodoroTests";
			productName = "hw12-pomodoroTests";
			productReference = DA52B447284E4A9900260DC9 /* hw12-pomodoroTests.xctest */;
			productType = "com.apple.product-type.bundle.unit-test";
		};
		DA52B450284E4A9900260DC9 /* hw12-pomodoroUITests */ = {
			isa = PBXNativeTarget;
			buildConfigurationList = DA52B461284E4A9900260DC9 /* Build configuration list for PBXNativeTarget "hw12-pomodoroUITests" */;
			buildPhases = (
				DA52B44D284E4A9900260DC9 /* Sources */,
				DA52B44E284E4A9900260DC9 /* Frameworks */,
				DA52B44F284E4A9900260DC9 /* Resources */,
			);
			buildRules = (
			);
			dependencies = (
				DA52B453284E4A9900260DC9 /* PBXTargetDependency */,
			);
			name = "hw12-pomodoroUITests";
			productName = "hw12-pomodoroUITests";
			productReference = DA52B451284E4A9900260DC9 /* hw12-pomodoroUITests.xctest */;
			productType = "com.apple.product-type.bundle.ui-testing";
		};
/* End PBXNativeTarget section */

/* Begin PBXProject section */
		DA52B426284E4A9500260DC9 /* Project object */ = {
			isa = PBXProject;
			attributes = {
				BuildIndependentTargetsInParallel = 1;
				LastSwiftUpdateCheck = 1300;
				LastUpgradeCheck = 1300;
				TargetAttributes = {
					DA52B42D284E4A9500260DC9 = {
						CreatedOnToolsVersion = 13.0;
					};
					DA52B446284E4A9900260DC9 = {
						CreatedOnToolsVersion = 13.0;
						TestTargetID = DA52B42D284E4A9500260DC9;
					};
					DA52B450284E4A9900260DC9 = {
						CreatedOnToolsVersion = 13.0;
						TestTargetID = DA52B42D284E4A9500260DC9;
					};
				};
			};
			buildConfigurationList = DA52B429284E4A9500260DC9 /* Build configuration list for PBXProject "hw12-pomodoro" */;
			compatibilityVersion = "Xcode 13.0";
			developmentRegion = en;
			hasScannedForEncodings = 0;
			knownRegions = (
				en,
				Base,
			);
			mainGroup = DA52B425284E4A9500260DC9;
			productRefGroup = DA52B42F284E4A9500260DC9 /* Products */;
			projectDirPath = "";
			projectRoot = "";
			targets = (
				DA52B42D284E4A9500260DC9 /* hw12-pomodoro */,
				DA52B446284E4A9900260DC9 /* hw12-pomodoroTests */,
				DA52B450284E4A9900260DC9 /* hw12-pomodoroUITests */,
			);
		};
/* End PBXProject section */

/* Begin PBXResourcesBuildPhase section */
		DA52B42C284E4A9500260DC9 /* Resources */ = {
			isa = PBXResourcesBuildPhase;
			buildActionMask = 2147483647;
			files = (
				DA52B441284E4A9900260DC9 /* LaunchScreen.storyboard in Resources */,
				DA52B43E284E4A9900260DC9 /* Assets.xcassets in Resources */,
				DA52B439284E4A9500260DC9 /* Main.storyboard in Resources */,
			);
			runOnlyForDeploymentPostprocessing = 0;
		};
		DA52B445284E4A9900260DC9 /* Resources */ = {
			isa = PBXResourcesBuildPhase;
			buildActionMask = 2147483647;
			files = (
			);
			runOnlyForDeploymentPostprocessing = 0;
		};
		DA52B44F284E4A9900260DC9 /* Resources */ = {
			isa = PBXResourcesBuildPhase;
			buildActionMask = 2147483647;
			files = (
			);
			runOnlyForDeploymentPostprocessing = 0;
		};
/* End PBXResourcesBuildPhase section */

/* Begin PBXSourcesBuildPhase section */
		DA52B42A284E4A9500260DC9 /* Sources */ = {
			isa = PBXSourcesBuildPhase;
			buildActionMask = 2147483647;
			files = (
				DA52B436284E4A9500260DC9 /* ViewController.swift in Sources */,
				DA52B432284E4A9500260DC9 /* AppDelegate.swift in Sources */,
				DA52B43C284E4A9500260DC9 /* hw12_pomodoro.xcdatamodeld in Sources */,
				DA52B434284E4A9500260DC9 /* SceneDelegate.swift in Sources */,
			);
			runOnlyForDeploymentPostprocessing = 0;
		};
		DA52B443284E4A9900260DC9 /* Sources */ = {
			isa = PBXSourcesBuildPhase;
			buildActionMask = 2147483647;
			files = (
				DA52B44C284E4A9900260DC9 /* hw12_pomodoroTests.swift in Sources */,
			);
			runOnlyForDeploymentPostprocessing = 0;
		};
		DA52B44D284E4A9900260DC9 /* Sources */ = {
			isa = PBXSourcesBuildPhase;
			buildActionMask = 2147483647;
			files = (
				DA52B456284E4A9900260DC9 /* hw12_pomodoroUITests.swift in Sources */,
				DA52B458284E4A9900260DC9 /* hw12_pomodoroUITestsLaunchTests.swift in Sources */,
			);
			runOnlyForDeploymentPostprocessing = 0;
		};
/* End PBXSourcesBuildPhase section */

/* Begin PBXTargetDependency section */
		DA52B449284E4A9900260DC9 /* PBXTargetDependency */ = {
			isa = PBXTargetDependency;
			target = DA52B42D284E4A9500260DC9 /* hw12-pomodoro */;
			targetProxy = DA52B448284E4A9900260DC9 /* PBXContainerItemProxy */;
		};
		DA52B453284E4A9900260DC9 /* PBXTargetDependency */ = {
			isa = PBXTargetDependency;
			target = DA52B42D284E4A9500260DC9 /* hw12-pomodoro */;
			targetProxy = DA52B452284E4A9900260DC9 /* PBXContainerItemProxy */;
		};
/* End PBXTargetDependency section */

/* Begin PBXVariantGroup section */
		DA52B437284E4A9500260DC9 /* Main.storyboard */ = {
			isa = PBXVariantGroup;
			children = (
				DA52B438284E4A9500260DC9 /* Base */,
			);
			name = Main.storyboard;
			sourceTree = "<group>";
		};
		DA52B43F284E4A9900260DC9 /* LaunchScreen.storyboard */ = {
			isa = PBXVariantGroup;
			children = (
				DA52B440284E4A9900260DC9 /* Base */,
			);
			name = LaunchScreen.storyboard;
			sourceTree = "<group>";
		};
/* End PBXVariantGroup section */

/* Begin XCBuildConfiguration section */
		DA52B459284E4A9900260DC9 /* Debug */ = {
			isa = XCBuildConfiguration;
			buildSettings = {
				ALWAYS_SEARCH_USER_PATHS = NO;
				CLANG_ANALYZER_NONNULL = YES;
				CLANG_ANALYZER_NUMBER_OBJECT_CONVERSION = YES_AGGRESSIVE;
				CLANG_CXX_LANGUAGE_STANDARD = "gnu++17";
				CLANG_CXX_LIBRARY = "libc++";
				CLANG_ENABLE_MODULES = YES;
				CLANG_ENABLE_OBJC_ARC = YES;
				CLANG_ENABLE_OBJC_WEAK = YES;
				CLANG_WARN_BLOCK_CAPTURE_AUTORELEASING = YES;
				CLANG_WARN_BOOL_CONVERSION = YES;
				CLANG_WARN_COMMA = YES;
				CLANG_WARN_CONSTANT_CONVERSION = YES;
				CLANG_WARN_DEPRECATED_OBJC_IMPLEMENTATIONS = YES;
				CLANG_WARN_DIRECT_OBJC_ISA_USAGE = YES_ERROR;
				CLANG_WARN_DOCUMENTATION_COMMENTS = YES;
				CLANG_WARN_EMPTY_BODY = YES;
				CLANG_WARN_ENUM_CONVERSION = YES;
				CLANG_WARN_INFINITE_RECURSION = YES;
				CLANG_WARN_INT_CONVERSION = YES;
				CLANG_WARN_NON_LITERAL_NULL_CONVERSION = YES;
				CLANG_WARN_OBJC_IMPLICIT_RETAIN_SELF = YES;
				CLANG_WARN_OBJC_LITERAL_CONVERSION = YES;
				CLANG_WARN_OBJC_ROOT_CLASS = YES_ERROR;
				CLANG_WARN_QUOTED_INCLUDE_IN_FRAMEWORK_HEADER = YES;
				CLANG_WARN_RANGE_LOOP_ANALYSIS = YES;
				CLANG_WARN_STRICT_PROTOTYPES = YES;
				CLANG_WARN_SUSPICIOUS_MOVE = YES;
				CLANG_WARN_UNGUARDED_AVAILABILITY = YES_AGGRESSIVE;
				CLANG_WARN_UNREACHABLE_CODE = YES;
				CLANG_WARN__DUPLICATE_METHOD_MATCH = YES;
				COPY_PHASE_STRIP = NO;
				DEBUG_INFORMATION_FORMAT = dwarf;
				ENABLE_STRICT_OBJC_MSGSEND = YES;
				ENABLE_TESTABILITY = YES;
				GCC_C_LANGUAGE_STANDARD = gnu11;
				GCC_DYNAMIC_NO_PIC = NO;
				GCC_NO_COMMON_BLOCKS = YES;
				GCC_OPTIMIZATION_LEVEL = 0;
				GCC_PREPROCESSOR_DEFINITIONS = (
					"DEBUG=1",
					"$(inherited)",
				);
				GCC_WARN_64_TO_32_BIT_CONVERSION = YES;
				GCC_WARN_ABOUT_RETURN_TYPE = YES_ERROR;
				GCC_WARN_UNDECLARED_SELECTOR = YES;
				GCC_WARN_UNINITIALIZED_AUTOS = YES_AGGRESSIVE;
				GCC_WARN_UNUSED_FUNCTION = YES;
				GCC_WARN_UNUSED_VARIABLE = YES;
				IPHONEOS_DEPLOYMENT_TARGET = 15.0;
				MTL_ENABLE_DEBUG_INFO = INCLUDE_SOURCE;
				MTL_FAST_MATH = YES;
				ONLY_ACTIVE_ARCH = YES;
				SDKROOT = iphoneos;
				SWIFT_ACTIVE_COMPILATION_CONDITIONS = DEBUG;
				SWIFT_OPTIMIZATION_LEVEL = "-Onone";
			};
			name = Debug;
		};
		DA52B45A284E4A9900260DC9 /* Release */ = {
			isa = XCBuildConfiguration;
			buildSettings = {
				ALWAYS_SEARCH_USER_PATHS = NO;
				CLANG_ANALYZER_NONNULL = YES;
				CLANG_ANALYZER_NUMBER_OBJECT_CONVERSION = YES_AGGRESSIVE;
				CLANG_CXX_LANGUAGE_STANDARD = "gnu++17";
				CLANG_CXX_LIBRARY = "libc++";
				CLANG_ENABLE_MODULES = YES;
				CLANG_ENABLE_OBJC_ARC = YES;
				CLANG_ENABLE_OBJC_WEAK = YES;
				CLANG_WARN_BLOCK_CAPTURE_AUTORELEASING = YES;
				CLANG_WARN_BOOL_CONVERSION = YES;
				CLANG_WARN_COMMA = YES;
				CLANG_WARN_CONSTANT_CONVERSION = YES;
				CLANG_WARN_DEPRECATED_OBJC_IMPLEMENTATIONS = YES;
				CLANG_WARN_DIRECT_OBJC_ISA_USAGE = YES_ERROR;
				CLANG_WARN_DOCUMENTATION_COMMENTS = YES;
				CLANG_WARN_EMPTY_BODY = YES;
				CLANG_WARN_ENUM_CONVERSION = YES;
				CLANG_WARN_INFINITE_RECURSION = YES;
				CLANG_WARN_INT_CONVERSION = YES;
				CLANG_WARN_NON_LITERAL_NULL_CONVERSION = YES;
				CLANG_WARN_OBJC_IMPLICIT_RETAIN_SELF = YES;
				CLANG_WARN_OBJC_LITERAL_CONVERSION = YES;
				CLANG_WARN_OBJC_ROOT_CLASS = YES_ERROR;
				CLANG_WARN_QUOTED_INCLUDE_IN_FRAMEWORK_HEADER = YES;
				CLANG_WARN_RANGE_LOOP_ANALYSIS = YES;
				CLANG_WARN_STRICT_PROTOTYPES = YES;
				CLANG_WARN_SUSPICIOUS_MOVE = YES;
				CLANG_WARN_UNGUARDED_AVAILABILITY = YES_AGGRESSIVE;
				CLANG_WARN_UNREACHABLE_CODE = YES;
				CLANG_WARN__DUPLICATE_METHOD_MATCH = YES;
				COPY_PHASE_STRIP = NO;
				DEBUG_INFORMATION_FORMAT = "dwarf-with-dsym";
				ENABLE_NS_ASSERTIONS = NO;
				ENABLE_STRICT_OBJC_MSGSEND = YES;
				GCC_C_LANGUAGE_STANDARD = gnu11;
				GCC_NO_COMMON_BLOCKS = YES;
				GCC_WARN_64_TO_32_BIT_CONVERSION = YES;
				GCC_WARN_ABOUT_RETURN_TYPE = YES_ERROR;
				GCC_WARN_UNDECLARED_SELECTOR = YES;
				GCC_WARN_UNINITIALIZED_AUTOS = YES_AGGRESSIVE;
				GCC_WARN_UNUSED_FUNCTION = YES;
				GCC_WARN_UNUSED_VARIABLE = YES;
				IPHONEOS_DEPLOYMENT_TARGET = 15.0;
				MTL_ENABLE_DEBUG_INFO = NO;
				MTL_FAST_MATH = YES;
				SDKROOT = iphoneos;
				SWIFT_COMPILATION_MODE = wholemodule;
				SWIFT_OPTIMIZATION_LEVEL = "-O";
				VALIDATE_PRODUCT = YES;
			};
			name = Release;
		};
		DA52B45C284E4A9900260DC9 /* Debug */ = {
			isa = XCBuildConfiguration;
			buildSettings = {
				ASSETCATALOG_COMPILER_APPICON_NAME = AppIcon;
				ASSETCATALOG_COMPILER_GLOBAL_ACCENT_COLOR_NAME = AccentColor;
				CODE_SIGN_STYLE = Automatic;
				CURRENT_PROJECT_VERSION = 1;
				DEVELOPMENT_TEAM = XZ7GUF8763;
				GENERATE_INFOPLIST_FILE = YES;
				INFOPLIST_FILE = "hw12-pomodoro/Info.plist";
				INFOPLIST_KEY_UIApplicationSupportsIndirectInputEvents = YES;
				INFOPLIST_KEY_UILaunchStoryboardName = LaunchScreen;
				INFOPLIST_KEY_UIMainStoryboardFile = Main;
				INFOPLIST_KEY_UISupportedInterfaceOrientations_iPad = "UIInterfaceOrientationPortrait UIInterfaceOrientationPortraitUpsideDown UIInterfaceOrientationLandscapeLeft UIInterfaceOrientationLandscapeRight";
				INFOPLIST_KEY_UISupportedInterfaceOrientations_iPhone = "UIInterfaceOrientationPortrait UIInterfaceOrientationLandscapeLeft UIInterfaceOrientationLandscapeRight";
				LD_RUNPATH_SEARCH_PATHS = (
					"$(inherited)",
					"@executable_path/Frameworks",
				);
				MARKETING_VERSION = 1.0;
				PRODUCT_BUNDLE_IDENTIFIER = "mobdev.hw12-pomodoro";
				PRODUCT_NAME = "$(TARGET_NAME)";
				SWIFT_EMIT_LOC_STRINGS = YES;
				SWIFT_VERSION = 5.0;
				TARGETED_DEVICE_FAMILY = "1,2";
			};
			name = Debug;
		};
		DA52B45D284E4A9900260DC9 /* Release */ = {
			isa = XCBuildConfiguration;
			buildSettings = {
				ASSETCATALOG_COMPILER_APPICON_NAME = AppIcon;
				ASSETCATALOG_COMPILER_GLOBAL_ACCENT_COLOR_NAME = AccentColor;
				CODE_SIGN_STYLE = Automatic;
				CURRENT_PROJECT_VERSION = 1;
				DEVELOPMENT_TEAM = XZ7GUF8763;
				GENERATE_INFOPLIST_FILE = YES;
				INFOPLIST_FILE = "hw12-pomodoro/Info.plist";
				INFOPLIST_KEY_UIApplicationSupportsIndirectInputEvents = YES;
				INFOPLIST_KEY_UILaunchStoryboardName = LaunchScreen;
				INFOPLIST_KEY_UIMainStoryboardFile = Main;
				INFOPLIST_KEY_UISupportedInterfaceOrientations_iPad = "UIInterfaceOrientationPortrait UIInterfaceOrientationPortraitUpsideDown UIInterfaceOrientationLandscapeLeft UIInterfaceOrientationLandscapeRight";
				INFOPLIST_KEY_UISupportedInterfaceOrientations_iPhone = "UIInterfaceOrientationPortrait UIInterfaceOrientationLandscapeLeft UIInterfaceOrientationLandscapeRight";
				LD_RUNPATH_SEARCH_PATHS = (
					"$(inherited)",
					"@executable_path/Frameworks",
				);
				MARKETING_VERSION = 1.0;
				PRODUCT_BUNDLE_IDENTIFIER = "mobdev.hw12-pomodoro";
				PRODUCT_NAME = "$(TARGET_NAME)";
				SWIFT_EMIT_LOC_STRINGS = YES;
				SWIFT_VERSION = 5.0;
				TARGETED_DEVICE_FAMILY = "1,2";
			};
			name = Release;
		};
		DA52B45F284E4A9900260DC9 /* Debug */ = {
			isa = XCBuildConfiguration;
			buildSettings = {
				ALWAYS_EMBED_SWIFT_STANDARD_LIBRARIES = YES;
				BUNDLE_LOADER = "$(TEST_HOST)";
				CODE_SIGN_STYLE = Automatic;
				CURRENT_PROJECT_VERSION = 1;
				DEVELOPMENT_TEAM = XZ7GUF8763;
				GENERATE_INFOPLIST_FILE = YES;
				IPHONEOS_DEPLOYMENT_TARGET = 15.0;
				LD_RUNPATH_SEARCH_PATHS = (
					"$(inherited)",
					"@executable_path/Frameworks",
					"@loader_path/Frameworks",
				);
				MARKETING_VERSION = 1.0;
				PRODUCT_BUNDLE_IDENTIFIER = "mobdev.hw12-pomodoroTests";
				PRODUCT_NAME = "$(TARGET_NAME)";
				SWIFT_EMIT_LOC_STRINGS = NO;
				SWIFT_VERSION = 5.0;
				TARGETED_DEVICE_FAMILY = "1,2";
				TEST_HOST = "$(BUILT_PRODUCTS_DIR)/hw12-pomodoro.app/hw12-pomodoro";
			};
			name = Debug;
		};
		DA52B460284E4A9900260DC9 /* Release */ = {
			isa = XCBuildConfiguration;
			buildSettings = {
				ALWAYS_EMBED_SWIFT_STANDARD_LIBRARIES = YES;
				BUNDLE_LOADER = "$(TEST_HOST)";
				CODE_SIGN_STYLE = Automatic;
				CURRENT_PROJECT_VERSION = 1;
				DEVELOPMENT_TEAM = XZ7GUF8763;
				GENERATE_INFOPLIST_FILE = YES;
				IPHONEOS_DEPLOYMENT_TARGET = 15.0;
				LD_RUNPATH_SEARCH_PATHS = (
					"$(inherited)",
					"@executable_path/Frameworks",
					"@loader_path/Frameworks",
				);
				MARKETING_VERSION = 1.0;
				PRODUCT_BUNDLE_IDENTIFIER = "mobdev.hw12-pomodoroTests";
				PRODUCT_NAME = "$(TARGET_NAME)";
				SWIFT_EMIT_LOC_STRINGS = NO;
				SWIFT_VERSION = 5.0;
				TARGETED_DEVICE_FAMILY = "1,2";
				TEST_HOST = "$(BUILT_PRODUCTS_DIR)/hw12-pomodoro.app/hw12-pomodoro";
			};
			name = Release;
		};
		DA52B462284E4A9900260DC9 /* Debug */ = {
			isa = XCBuildConfiguration;
			buildSettings = {
				ALWAYS_EMBED_SWIFT_STANDARD_LIBRARIES = YES;
				CODE_SIGN_STYLE = Automatic;
				CURRENT_PROJECT_VERSION = 1;
				DEVELOPMENT_TEAM = XZ7GUF8763;
				GENERATE_INFOPLIST_FILE = YES;
				LD_RUNPATH_SEARCH_PATHS = (
					"$(inherited)",
					"@executable_path/Frameworks",
					"@loader_path/Frameworks",
				);
				MARKETING_VERSION = 1.0;
				PRODUCT_BUNDLE_IDENTIFIER = "mobdev.hw12-pomodoroUITests";
				PRODUCT_NAME = "$(TARGET_NAME)";
				SWIFT_EMIT_LOC_STRINGS = NO;
				SWIFT_VERSION = 5.0;
				TARGETED_DEVICE_FAMILY = "1,2";
				TEST_TARGET_NAME = "hw12-pomodoro";
			};
			name = Debug;
		};
		DA52B463284E4A9900260DC9 /* Release */ = {
			isa = XCBuildConfiguration;
			buildSettings = {
				ALWAYS_EMBED_SWIFT_STANDARD_LIBRARIES = YES;
				CODE_SIGN_STYLE = Automatic;
				CURRENT_PROJECT_VERSION = 1;
				DEVELOPMENT_TEAM = XZ7GUF8763;
				GENERATE_INFOPLIST_FILE = YES;
				LD_RUNPATH_SEARCH_PATHS = (
					"$(inherited)",
					"@executable_path/Frameworks",
					"@loader_path/Frameworks",
				);
				MARKETING_VERSION = 1.0;
				PRODUCT_BUNDLE_IDENTIFIER = "mobdev.hw12-pomodoroUITests";
				PRODUCT_NAME = "$(TARGET_NAME)";
				SWIFT_EMIT_LOC_STRINGS = NO;
				SWIFT_VERSION = 5.0;
				TARGETED_DEVICE_FAMILY = "1,2";
				TEST_TARGET_NAME = "hw12-pomodoro";
			};
			name = Release;
		};
/* End XCBuildConfiguration section */

/* Begin XCConfigurationList section */
		DA52B429284E4A9500260DC9 /* Build configuration list for PBXProject "hw12-pomodoro" */ = {
			isa = XCConfigurationList;
			buildConfigurations = (
				DA52B459284E4A9900260DC9 /* Debug */,
				DA52B45A284E4A9900260DC9 /* Release */,
			);
			defaultConfigurationIsVisible = 0;
			defaultConfigurationName = Release;
		};
		DA52B45B284E4A9900260DC9 /* Build configuration list for PBXNativeTarget "hw12-pomodoro" */ = {
			isa = XCConfigurationList;
			buildConfigurations = (
				DA52B45C284E4A9900260DC9 /* Debug */,
				DA52B45D284E4A9900260DC9 /* Release */,
			);
			defaultConfigurationIsVisible = 0;
			defaultConfigurationName = Release;
		};
		DA52B45E284E4A9900260DC9 /* Build configuration list for PBXNativeTarget "hw12-pomodoroTests" */ = {
			isa = XCConfigurationList;
			buildConfigurations = (
				DA52B45F284E4A9900260DC9 /* Debug */,
				DA52B460284E4A9900260DC9 /* Release */,
			);
			defaultConfigurationIsVisible = 0;
			defaultConfigurationName = Release;
		};
		DA52B461284E4A9900260DC9 /* Build configuration list for PBXNativeTarget "hw12-pomodoroUITests" */ = {
			isa = XCConfigurationList;
			buildConfigurations = (
				DA52B462284E4A9900260DC9 /* Debug */,
				DA52B463284E4A9900260DC9 /* Release */,
			);
			defaultConfigurationIsVisible = 0;
			defaultConfigurationName = Release;
		};
/* End XCConfigurationList section */

/* Begin XCVersionGroup section */
		DA52B43A284E4A9500260DC9 /* hw12_pomodoro.xcdatamodeld */ = {
			isa = XCVersionGroup;
			children = (
				DA52B43B284E4A9500260DC9 /* hw12_pomodoro.xcdatamodel */,
			);
			currentVersion = DA52B43B284E4A9500260DC9 /* hw12_pomodoro.xcdatamodel */;
			path = hw12_pomodoro.xcdatamodeld;
			sourceTree = "<group>";
			versionGroupType = wrapper.xcdatamodel;
		};
/* End XCVersionGroup section */
	};
	rootObject = DA52B426284E4A9500260DC9 /* Project object */;
}
